{
    "_meta": {
        "hash": {
            "sha256": "1c630e9ab4c84c6bb2e4ac8fd6de41a90ea7247ac9bc5d7a3f306dee64b7fccf"
        },
        "pipfile-spec": 6,
        "requires": {},
        "sources": [
            {
                "name": "pypi",
                "url": "https://pypi.org/simple",
                "verify_ssl": true
            }
        ]
    },
    "default": {
        "beautifulsoup4": {
            "hashes": [
                "sha256:9bbbb14bfde9d79f38b8cd5f8c7c85f4b8f2523190ebed90e950a8dea4cb1c4b",
                "sha256:dbb3c4e1ceae6aefebdaf2423247260cd062430a410e38c66f2baa50a8437195"
            ],
            "index": "pypi",
            "markers": "python_full_version >= '3.7.0'",
            "version": "==4.13.4"
        },
        "loguru": {
            "hashes": [
                "sha256:19480589e77d47b8d85b2c827ad95d49bf31b0dcde16593892eb51dd18706eb6",
                "sha256:31a33c10c8e1e10422bfd431aeb5d351c7cf7fa671e3c4df004162264b28220c"
            ],
            "index": "pypi",
            "markers": "python_version >= '3.5' and python_version < '4.0'",
            "version": "==0.7.3"
        },
        "platformdirs": {
            "hashes": [
                "sha256:3d512d96e16bcb959a814c9f348431070822a6496326a4be0911c40b5a74c2bc",
                "sha256:ff7059bb7eb1179e2685604f4aaf157cfd9535242bd23742eadc3c13542139b4"
            ],
            "index": "pypi",
            "markers": "python_version >= '3.9'",
            "version": "==4.3.8"
        },
        "plyer": {
            "hashes": [
                "sha256:1b1772060df8b3045ed4f08231690ec8f7de30f5a004aa1724665a9074eed113",
                "sha256:65b7dfb7e11e07af37a8487eb2aa69524276ef70dad500b07228ce64736baa61"
            ],
            "index": "pypi",
            "version": "==2.1.0"
        },
        "prompt-toolkit": {
            "hashes": [
                "sha256:52742911fde84e2d423e2f9a4cf1de7d7ac4e51958f648d9540e0fb8db077b07",
                "sha256:931a162e3b27fc90c86f1b48bb1fb2c528c2761475e57c9c06de13311c7b54ed"
            ],
            "markers": "python_version >= '3.8'",
            "version": "==3.0.51"
        },
        "pycryptodome": {
            "hashes": [
                "sha256:0011f7f00cdb74879142011f95133274741778abba114ceca229adbf8e62c3e4",
                "sha256:11eeeb6917903876f134b56ba11abe95c0b0fd5e3330def218083c7d98bbcb3c",
                "sha256:14e15c081e912c4b0d75632acd8382dfce45b258667aa3c67caf7a4d4c13f630",
                "sha256:156df9667ad9f2ad26255926524e1c136d6664b741547deb0a86a9acf5ea631f",
                "sha256:187058ab80b3281b1de11c2e6842a357a1f71b42cb1e15bce373f3d238135c27",
                "sha256:257bb3572c63ad8ba40b89f6fc9d63a2a628e9f9708d31ee26560925ebe0210a",
                "sha256:350ebc1eba1da729b35ab7627a833a1a355ee4e852d8ba0447fafe7b14504d56",
                "sha256:447700a657182d60338bab09fdb27518f8856aecd80ae4c6bdddb67ff5da44ef",
                "sha256:45c69ad715ca1a94f778215a11e66b7ff989d792a4d63b68dc586a1da1392ff5",
                "sha256:4764e64b269fc83b00f682c47443c2e6e85b18273712b98aa43bcb77f8570477",
                "sha256:507dbead45474b62b2bbe318eb1c4c8ee641077532067fec9c1aa82c31f84886",
                "sha256:53ecbafc2b55353edcebd64bf5da94a2a2cdf5090a6915bcca6eca6cc452585a",
                "sha256:573a0b3017e06f2cffd27d92ef22e46aa3be87a2d317a5abf7cc0e84e321bd75",
                "sha256:63dad881b99ca653302b2c7191998dd677226222a3f2ea79999aa51ce695f720",
                "sha256:64093fc334c1eccfd3933c134c4457c34eaca235eeae49d69449dc4728079339",
                "sha256:6501790c5b62a29fcb227bd6b62012181d886a767ce9ed03b303d1f22eb5c625",
                "sha256:67bd81fcbe34f43ad9422ee8fd4843c8e7198dd88dd3d40e6de42ee65fbe1490",
                "sha256:6fe8258e2039eceb74dfec66b3672552b6b7d2c235b2dfecc05d16b8921649a8",
                "sha256:763d1d74f56f031788e5d307029caef067febf890cd1f8bf61183ae142f1a77b",
                "sha256:7ac1080a8da569bde76c0a104589c4f414b8ba296c0b3738cf39a466a9fb1818",
                "sha256:865d83c906b0fc6a59b510deceee656b6bc1c4fa0d82176e2b77e97a420a996a",
                "sha256:89d4d56153efc4d81defe8b65fd0821ef8b2d5ddf8ed19df31ba2f00872b8002",
                "sha256:90460fc9e088ce095f9ee8356722d4f10f86e5be06e2354230a9880b9c549aae",
                "sha256:93837e379a3e5fd2bb00302a47aee9fdf7940d83595be3915752c74033d17ca7",
                "sha256:954af0e2bd7cea83ce72243b14e4fb518b18f0c1649b576d114973e2073b273d",
                "sha256:9a53a4fe5cb075075d515797d6ce2f56772ea7e6a1e5e4b96cf78a14bac3d265",
                "sha256:9a77627a330ab23ca43b48b130e202582e91cc69619947840ea4d2d1be21eb39",
                "sha256:a176b79c49af27d7f6c12e4b178b0824626f40a7b9fed08f712291b6d54bf566",
                "sha256:a7fc76bf273353dc7e5207d172b83f569540fc9a28d63171061c42e361d22353",
                "sha256:aa0698f65e5b570426fc31b8162ed4603b0c2841cbb9088e2b01641e3065915b",
                "sha256:b34e8e11d97889df57166eda1e1ddd7676da5fcd4d71a0062a760e75060514b4",
                "sha256:c75b52aacc6c0c260f204cbdd834f76edc9fb0d8e0da9fbf8352ef58202564e2",
                "sha256:c8987bd3307a39bc03df5c8e0e3d8be0c4c3518b7f044b0f4c15d1aa78f52575",
                "sha256:ce64e84a962b63a47a592690bdc16a7eaf709d2c2697ababf24a0def566899a6",
                "sha256:cfb5cd445280c5b0a4e6187a7ce8de5a07b5f3f897f235caa11f1f435f182843",
                "sha256:d8e95564beb8782abfd9e431c974e14563a794a4944c29d6d3b7b5ea042110b4",
                "sha256:d97618c9c6684a97ef7637ba43bdf6663a2e2e77efe0f863cce97a76af396446",
                "sha256:ddb95b49df036ddd264a0ad246d1be5b672000f12d6961ea2c267083a5e19379",
                "sha256:dea827b4d55ee390dc89b2afe5927d4308a8b538ae91d9c6f7a5090f397af1aa",
                "sha256:e3f2d0aaf8080bda0587d58fc9fe4766e012441e2eed4269a77de6aea981c8be",
                "sha256:eb8f24adb74984aa0e5d07a2368ad95276cf38051fe2dc6605cbcf482e04f2a7"
            ],
            "index": "pypi",
            "markers": "python_version >= '2.7' and python_version not in '3.0, 3.1, 3.2, 3.3, 3.4, 3.5, 3.6'",
            "version": "==3.23.0"
        },
        "pyfzf": {
            "hashes": [
                "sha256:736f71563461b75f6f85b55345bdc638fa0dc14c32c857c59e8b1ca1cfa3cf4a",
                "sha256:dd902e34cffeca9c3082f96131593dd20b4b3a9bba5b9dde1b0688e424b46bd2"
            ],
            "index": "pypi",
            "version": "==0.3.1"
        },
        "pyqt6": {
            "hashes": [
                "sha256:055870b703c1a49ca621f8a89e2ec4d848e6c739d39367eb9687af3b056d9aa3",
                "sha256:08792c72d130a02e3248a120f0b9bbb4bf4319095f92865bc5b365b00518f53d",
                "sha256:15b95bd273bb6288b070ed7a9503d5ff377aa4882dd6d175f07cad28cdb21da0",
                "sha256:33c23d28f6608747ecc8bfd04c8795f61631af9db4fb1e6c2a7523ec4cc916d9",
                "sha256:37884df27f774e2e1c0c96fa41e817a222329b80ffc6241725b0dc8c110acb35",
                "sha256:50642be03fb40f1c2111a09a1f5a0f79813e039c15e78267e6faaf8a96c1c3a6"
            ],
            "index": "pypi",
            "markers": "python_version >= '3.9'",
            "version": "==6.9.1"
        },
        "pyqt6-qt6": {
            "hashes": [
                "sha256:123e4aeb037c099bb4696a3ea8edcb1d9d62cedd0b2b950556b26024c97f3293",
                "sha256:3854c7f83ee4e8c2d91e23ab88b77f90e2ca7ace34fe72f634a446959f2b4d4a",
                "sha256:432caaedf5570bc8a9b7c75bc6af6a26bf88589536472eca73417ac019f59d41",
                "sha256:b065af7243d1d450a49470a8185301196a18b1d41085d3ef476eb55bbb225083",
                "sha256:cc5bd193ebd2d1a3ec66e1eee65bf532d762c239459bce1ecebf56177243e89b",
                "sha256:f9e54c424bc921ecb76792a75d123e4ecfc26b00b0c57dae526f41f1d57951d3"
            ],
            "version": "==6.9.1"
        },
        "pyqt6-sip": {
            "hashes": [
                "sha256:061d4a2eb60a603d8be7db6c7f27eb29d9cea97a09aa4533edc1662091ce4f03",
                "sha256:07f77e89d93747dda71b60c3490b00d754451729fbcbcec840e42084bf061655",
                "sha256:0b097eb58b4df936c4a2a88a2f367c8bb5c20ff049a45a7917ad75d698e3b277",
                "sha256:1a6c2f168773af9e6c7ef5e52907f16297d4efd346e4c958eda54ea9135be18e",
                "sha256:37af463dcce39285e686d49523d376994d8a2508b9acccb7616c4b117c9c4ed7",
                "sha256:38b5823dca93377f8a4efac3cbfaa1d20229aa5b640c31cf6ebbe5c586333808",
                "sha256:3dde8024d055f496eba7d44061c5a1ba4eb72fc95e5a9d7a0dbc908317e0888b",
                "sha256:45ac06f0380b7aa4fcffd89f9e8c00d1b575dc700c603446a9774fda2dcfc0de",
                "sha256:464ad156bf526500ce6bd05cac7a82280af6309974d816739b4a9a627156fafe",
                "sha256:4ccf197f8fa410e076936bee28ad9abadb450931d5be5625446fd20e0d8b27a6",
                "sha256:4ffa71ddff6ef031d52cd4f88b8bba08b3516313c023c7e5825cf4a0ba598712",
                "sha256:5506b9a795098df3b023cc7d0a37f93d3224a9c040c43804d4bc06e0b2b742b0",
                "sha256:8132ec1cbbecc69d23dcff23916ec07218f1a9bbbc243bf6f1df967117ce303e",
                "sha256:83e6a56d3e715f748557460600ec342cbd77af89ec89c4f2a68b185fa14ea46c",
                "sha256:8b5d06a0eac36038fa8734657d99b5fe92263ae7a0cd0a67be6acfe220a063e1",
                "sha256:9c67ed66e21b11e04ffabe0d93bc21df22e0a5d7e2e10ebc8c1d77d2f5042991",
                "sha256:ad376a6078da37b049fdf9d6637d71b52727e65c4496a80b753ddc8d27526aca",
                "sha256:b1d3cc9015a1bd8c8d3e86a009591e897d4d46b0c514aede7d2970a2208749cd",
                "sha256:c7b34a495b92790c70eae690d9e816b53d3b625b45eeed6ae2c0fe24075a237e",
                "sha256:c80cc059d772c632f5319632f183e7578cd0976b9498682833035b18a3483e92",
                "sha256:cc6a1dfdf324efaac6e7b890a608385205e652845c62130de919fd73a6326244",
                "sha256:ddd578a8d975bfb5fef83751829bf09a97a1355fa1de098e4fb4d1b74ee872fc",
                "sha256:e455a181d45a28ee8d18d42243d4f470d269e6ccdee60f2546e6e71218e05bb4",
                "sha256:e907394795e61f1174134465c889177f584336a98d7a10beade2437bf5942244"
            ],
            "markers": "python_version >= '3.9'",
            "version": "==13.10.2"
        },
        "questionary": {
            "hashes": [
                "sha256:44174d237b68bc828e4878c763a9ad6790ee61990e0ae72927694ead57bab8ec",
                "sha256:6302cdd645b19667d8f6e6634774e9538bfcd1aad9be287e743d96cacaf95587"
            ],
            "index": "pypi",
            "markers": "python_version >= '3.8'",
            "version": "==2.1.0"
        },
        "soupsieve": {
            "hashes": [
                "sha256:6e60cc5c1ffaf1cebcc12e8188320b72071e922c2e897f737cadce79ad5d30c4",
                "sha256:ad282f9b6926286d2ead4750552c8a6142bc4c783fd66b0293547c8fe6ae126a"
            ],
            "markers": "python_version >= '3.8'",
            "version": "==2.7"
        },
        "tqdm": {
            "hashes": [
                "sha256:26445eca388f82e72884e0d580d5464cd801a3ea01e63e5601bdff9ba6a48de2",
                "sha256:f8aef9c52c08c13a65f30ea34f4e5aac3fd1a34959879d7e59e63027286627f2"
            ],
            "index": "pypi",
            "markers": "python_version >= '3.7'",
            "version": "==4.67.1"
        },
        "typing-extensions": {
            "hashes": [
                "sha256:38b39f4aeeab64884ce9f74c94263ef78f3c22467c8724005483154c26648d36",
                "sha256:d1e1e3b58374dc93031d6eda2420a48ea44a36c2b4766a4fdeb3710755731d76"
            ],
            "markers": "python_version >= '3.9'",
            "version": "==4.14.1"
        },
        "urllib3": {
            "hashes": [
                "sha256:3fc47733c7e419d4bc3f6b3dc2b4f890bb743906a30d56ba4a5bfa4bbff92760",
                "sha256:e6b01673c0fa6a13e374b50871808eb3bf7046c4b125b216f6bf1cc604cff0dc"
            ],
            "index": "pypi",
            "markers": "python_version >= '3.9'",
            "version": "==2.5.0"
        },
        "wcwidth": {
            "hashes": [
                "sha256:3da69048e4540d84af32131829ff948f1e022c1c6bdb8d6102117aac784f6859",
                "sha256:72ea0c06399eb286d978fdedb6923a9eb47e1c486ce63e9b4e64fc18303972b5"
            ],
            "version": "==0.2.13"
        }
    },
    "develop": {
        "flake8": {
            "hashes": [
                "sha256:b9696257b9ce8beb888cdbe31cf885c90d31928fe202be0889a7cdafad32f01e",
                "sha256:fe044858146b9fc69b551a4b490d69cf960fcb78ad1edcb84e7fbb1b4a8e3872"
            ],
            "index": "pypi",
            "markers": "python_version >= '3.9'",
            "version": "==7.3.0"
        },
        "mccabe": {
            "hashes": [
                "sha256:348e0240c33b60bbdf4e523192ef919f28cb2c3d7d5c7794f74009290f236325",
                "sha256:6c2d30ab6be0e4a46919781807b4f0d834ebdd6c6e3dca0bda5a15f863427b6e"
            ],
            "markers": "python_version >= '3.6'",
            "version": "==0.7.0"
        },
        "pycodestyle": {
            "hashes": [
                "sha256:c4b5b517d278089ff9d0abdec919cd97262a3367449ea1c8b49b91529167b783",
                "sha256:dd6bf7cb4ee77f8e016f9c8e74a35ddd9f67e1d5fd4184d86c3b98e07099f42d"
            ],
            "markers": "python_version >= '3.9'",
            "version": "==2.14.0"
        },
        "pyflakes": {
            "hashes": [
                "sha256:b24f96fafb7d2ab0ec5075b7350b3d2d2218eab42003821c06344973d3ea2f58",
                "sha256:f742a7dbd0d9cb9ea41e9a24a918996e8170c799fa528688d40dd582c8265f4f"
            ],
            "markers": "python_version >= '3.9'",
            "version": "==3.4.0"
        }
    }
}
